
Microsoft Visual Studio Solution File, Format Version 12.00
# Visual Studio Version 17
VisualStudioVersion = 17.3.32811.315
MinimumVisualStudioVersion = 10.0.40219.1
Project("{FAE04EC0-301F-11D3-BF4B-00C04F79EFBC}") = "ProjekatDotnet", "ProjekatDotnet\ProjekatDotnet.csproj", "{99279C6D-3416-44B8-94EB-2921FE609862}"
EndProject
Global
	GlobalSection(SolutionConfigurationPlatforms) = preSolution
		Debug|Any CPU = Debug|Any CPU
		Release|Any CPU = Release|Any CPU
	EndGlobalSection
	GlobalSection(ProjectConfigurationPlatforms) = postSolution
		{99279C6D-3416-44B8-94EB-2921FE609862}.Debug|Any CPU.ActiveCfg = Debug|Any CPU
		{99279C6D-3416-44B8-94EB-2921FE609862}.Debug|Any CPU.Build.0 = Debug|Any CPU
		{99279C6D-3416-44B8-94EB-2921FE609862}.Release|Any CPU.ActiveCfg = Release|Any CPU
		{99279C6D-3416-44B8-94EB-2921FE609862}.Release|Any CPU.Build.0 = Release|Any CPU
	EndGlobalSection
	GlobalSection(SolutionProperties) = preSolution
		HideSolutionNode = FALSE
	EndGlobalSection
	GlobalSection(ExtensibilityGlobals) = postSolution
		SolutionGuid = {1500F161-4FBC-4068-A2FC-AE654C866E91}
	EndGlobalSection
EndGlobal
